
Microsoft Visual Studio Solution File, Format Version 12.00
# Visual Studio 15
VisualStudioVersion = 15.0.28307.329
MinimumVisualStudioVersion = 10.0.40219.1
Project("{FAE04EC0-301F-11D3-BF4B-00C04F79EFBC}") = "MiniBicks.UI", "MinieBicks\MiniBicks.UI.csproj", "{AA47E0C0-0123-4460-996B-EA39FAC8F93C}"
EndProject
Project("{FAE04EC0-301F-11D3-BF4B-00C04F79EFBC}") = "MiniBicks.Data", "MiniBicks.Data\MiniBicks.Data.csproj", "{9E7FF9FA-3CBD-4A1B-8D4E-297829918A12}"
EndProject
Project("{FAE04EC0-301F-11D3-BF4B-00C04F79EFBC}") = "MiniBicks.Lib", "MiniBicks.Lib\MiniBicks.Lib.csproj", "{B67163C1-C484-40E6-9340-C1BA84B77CE7}"
EndProject
Global
	GlobalSection(SolutionConfigurationPlatforms) = preSolution
		Debug|Any CPU = Debug|Any CPU
		Debug|ARM = Debug|ARM
		Debug|ARM64 = Debug|ARM64
		Debug|x64 = Debug|x64
		Debug|x86 = Debug|x86
		Release|Any CPU = Release|Any CPU
		Release|ARM = Release|ARM
		Release|ARM64 = Release|ARM64
		Release|x64 = Release|x64
		Release|x86 = Release|x86
	EndGlobalSection
	GlobalSection(ProjectConfigurationPlatforms) = postSolution
		{AA47E0C0-0123-4460-996B-EA39FAC8F93C}.Debug|Any CPU.ActiveCfg = Debug|Any CPU
		{AA47E0C0-0123-4460-996B-EA39FAC8F93C}.Debug|Any CPU.Build.0 = Debug|Any CPU
		{AA47E0C0-0123-4460-996B-EA39FAC8F93C}.Debug|ARM.ActiveCfg = Debug|Any CPU
		{AA47E0C0-0123-4460-996B-EA39FAC8F93C}.Debug|ARM.Build.0 = Debug|Any CPU
		{AA47E0C0-0123-4460-996B-EA39FAC8F93C}.Debug|ARM64.ActiveCfg = Debug|Any CPU
		{AA47E0C0-0123-4460-996B-EA39FAC8F93C}.Debug|ARM64.Build.0 = Debug|Any CPU
		{AA47E0C0-0123-4460-996B-EA39FAC8F93C}.Debug|x64.ActiveCfg = Debug|Any CPU
		{AA47E0C0-0123-4460-996B-EA39FAC8F93C}.Debug|x64.Build.0 = Debug|Any CPU
		{AA47E0C0-0123-4460-996B-EA39FAC8F93C}.Debug|x86.ActiveCfg = Debug|Any CPU
		{AA47E0C0-0123-4460-996B-EA39FAC8F93C}.Debug|x86.Build.0 = Debug|Any CPU
		{AA47E0C0-0123-4460-996B-EA39FAC8F93C}.Release|Any CPU.ActiveCfg = Release|Any CPU
		{AA47E0C0-0123-4460-996B-EA39FAC8F93C}.Release|Any CPU.Build.0 = Release|Any CPU
		{AA47E0C0-0123-4460-996B-EA39FAC8F93C}.Release|ARM.ActiveCfg = Release|Any CPU
		{AA47E0C0-0123-4460-996B-EA39FAC8F93C}.Release|ARM.Build.0 = Release|Any CPU
		{AA47E0C0-0123-4460-996B-EA39FAC8F93C}.Release|ARM64.ActiveCfg = Release|Any CPU
		{AA47E0C0-0123-4460-996B-EA39FAC8F93C}.Release|ARM64.Build.0 = Release|Any CPU
		{AA47E0C0-0123-4460-996B-EA39FAC8F93C}.Release|x64.ActiveCfg = Release|Any CPU
		{AA47E0C0-0123-4460-996B-EA39FAC8F93C}.Release|x64.Build.0 = Release|Any CPU
		{AA47E0C0-0123-4460-996B-EA39FAC8F93C}.Release|x86.ActiveCfg = Release|Any CPU
		{AA47E0C0-0123-4460-996B-EA39FAC8F93C}.Release|x86.Build.0 = Release|Any CPU
		{9E7FF9FA-3CBD-4A1B-8D4E-297829918A12}.Debug|Any CPU.ActiveCfg = Debug|Any CPU
		{9E7FF9FA-3CBD-4A1B-8D4E-297829918A12}.Debug|Any CPU.Build.0 = Debug|Any CPU
		{9E7FF9FA-3CBD-4A1B-8D4E-297829918A12}.Debug|ARM.ActiveCfg = Debug|Any CPU
		{9E7FF9FA-3CBD-4A1B-8D4E-297829918A12}.Debug|ARM.Build.0 = Debug|Any CPU
		{9E7FF9FA-3CBD-4A1B-8D4E-297829918A12}.Debug|ARM64.ActiveCfg = Debug|Any CPU
		{9E7FF9FA-3CBD-4A1B-8D4E-297829918A12}.Debug|ARM64.Build.0 = Debug|Any CPU
		{9E7FF9FA-3CBD-4A1B-8D4E-297829918A12}.Debug|x64.ActiveCfg = Debug|Any CPU
		{9E7FF9FA-3CBD-4A1B-8D4E-297829918A12}.Debug|x64.Build.0 = Debug|Any CPU
		{9E7FF9FA-3CBD-4A1B-8D4E-297829918A12}.Debug|x86.ActiveCfg = Debug|Any CPU
		{9E7FF9FA-3CBD-4A1B-8D4E-297829918A12}.Debug|x86.Build.0 = Debug|Any CPU
		{9E7FF9FA-3CBD-4A1B-8D4E-297829918A12}.Release|Any CPU.ActiveCfg = Release|Any CPU
		{9E7FF9FA-3CBD-4A1B-8D4E-297829918A12}.Release|Any CPU.Build.0 = Release|Any CPU
		{9E7FF9FA-3CBD-4A1B-8D4E-297829918A12}.Release|ARM.ActiveCfg = Release|Any CPU
		{9E7FF9FA-3CBD-4A1B-8D4E-297829918A12}.Release|ARM.Build.0 = Release|Any CPU
		{9E7FF9FA-3CBD-4A1B-8D4E-297829918A12}.Release|ARM64.ActiveCfg = Release|Any CPU
		{9E7FF9FA-3CBD-4A1B-8D4E-297829918A12}.Release|ARM64.Build.0 = Release|Any CPU
		{9E7FF9FA-3CBD-4A1B-8D4E-297829918A12}.Release|x64.ActiveCfg = Release|Any CPU
		{9E7FF9FA-3CBD-4A1B-8D4E-297829918A12}.Release|x64.Build.0 = Release|Any CPU
		{9E7FF9FA-3CBD-4A1B-8D4E-297829918A12}.Release|x86.ActiveCfg = Release|Any CPU
		{9E7FF9FA-3CBD-4A1B-8D4E-297829918A12}.Release|x86.Build.0 = Release|Any CPU
		{B67163C1-C484-40E6-9340-C1BA84B77CE7}.Debug|Any CPU.ActiveCfg = Debug|Any CPU
		{B67163C1-C484-40E6-9340-C1BA84B77CE7}.Debug|Any CPU.Build.0 = Debug|Any CPU
		{B67163C1-C484-40E6-9340-C1BA84B77CE7}.Debug|ARM.ActiveCfg = Debug|Any CPU
		{B67163C1-C484-40E6-9340-C1BA84B77CE7}.Debug|ARM.Build.0 = Debug|Any CPU
		{B67163C1-C484-40E6-9340-C1BA84B77CE7}.Debug|ARM64.ActiveCfg = Debug|Any CPU
		{B67163C1-C484-40E6-9340-C1BA84B77CE7}.Debug|ARM64.Build.0 = Debug|Any CPU
		{B67163C1-C484-40E6-9340-C1BA84B77CE7}.Debug|x64.ActiveCfg = Debug|Any CPU
		{B67163C1-C484-40E6-9340-C1BA84B77CE7}.Debug|x64.Build.0 = Debug|Any CPU
		{B67163C1-C484-40E6-9340-C1BA84B77CE7}.Debug|x86.ActiveCfg = Debug|Any CPU
		{B67163C1-C484-40E6-9340-C1BA84B77CE7}.Debug|x86.Build.0 = Debug|Any CPU
		{B67163C1-C484-40E6-9340-C1BA84B77CE7}.Release|Any CPU.ActiveCfg = Release|Any CPU
		{B67163C1-C484-40E6-9340-C1BA84B77CE7}.Release|Any CPU.Build.0 = Release|Any CPU
		{B67163C1-C484-40E6-9340-C1BA84B77CE7}.Release|ARM.ActiveCfg = Release|Any CPU
		{B67163C1-C484-40E6-9340-C1BA84B77CE7}.Release|ARM.Build.0 = Release|Any CPU
		{B67163C1-C484-40E6-9340-C1BA84B77CE7}.Release|ARM64.ActiveCfg = Release|Any CPU
		{B67163C1-C484-40E6-9340-C1BA84B77CE7}.Release|ARM64.Build.0 = Release|Any CPU
		{B67163C1-C484-40E6-9340-C1BA84B77CE7}.Release|x64.ActiveCfg = Release|Any CPU
		{B67163C1-C484-40E6-9340-C1BA84B77CE7}.Release|x64.Build.0 = Release|Any CPU
		{B67163C1-C484-40E6-9340-C1BA84B77CE7}.Release|x86.ActiveCfg = Release|Any CPU
		{B67163C1-C484-40E6-9340-C1BA84B77CE7}.Release|x86.Build.0 = Release|Any CPU
	EndGlobalSection
	GlobalSection(SolutionProperties) = preSolution
		HideSolutionNode = FALSE
	EndGlobalSection
	GlobalSection(ExtensibilityGlobals) = postSolution
		SolutionGuid = {1BB86917-045D-41EE-9197-18C52173E2B3}
	EndGlobalSection
EndGlobal
